{
  "version": 4,
  "terraform_version": "1.11.4",
  "serial": 32,
  "lineage": "2920a676-b8f2-3de2-d6f8-ff34dfe08f49",
  "outputs": {
    "vm_fqdn": {
      "value": "cmaz-xlej9t3c-mod4-nginx.eastus.cloudapp.azure.com",
      "type": "string"
    },
    "vm_public_ip": {
      "value": "13.82.194.221",
      "type": "string"
    }
  },
  "resources": [
    {
      "mode": "managed",
      "type": "azurerm_linux_virtual_machine",
      "name": "linux_vm",
      "provider": "provider[\"registry.terraform.io/hashicorp/azurerm\"]",
      "instances": [
        {
          "schema_version": 0,
          "attributes": {
            "additional_capabilities": [],
            "admin_password": "Upalvm12*",
            "admin_ssh_key": [],
            "admin_username": "Upal",
            "allow_extension_operations": true,
            "availability_set_id": "",
            "boot_diagnostics": [],
            "bypass_platform_safety_checks_on_user_schedule_enabled": false,
            "capacity_reservation_group_id": "",
            "computer_name": "cmaz-xlej9t3c-mod4-vm",
            "custom_data": null,
            "dedicated_host_group_id": "",
            "dedicated_host_id": "",
            "disable_password_authentication": false,
            "disk_controller_type": "SCSI",
            "edge_zone": "",
            "encryption_at_host_enabled": false,
            "eviction_policy": "",
            "extensions_time_budget": "PT1H30M",
            "gallery_application": [],
            "id": "/subscriptions/4b294825-13ff-472c-bf8f-85533364ee3e/resourceGroups/cmaz-xlej9t3c-mod4-rg/providers/Microsoft.Compute/virtualMachines/cmaz-xlej9t3c-mod4-vm",
            "identity": [],
            "license_type": "",
            "location": "eastus",
            "max_bid_price": -1,
            "name": "cmaz-xlej9t3c-mod4-vm",
            "network_interface_ids": [
              "/subscriptions/4b294825-13ff-472c-bf8f-85533364ee3e/resourceGroups/cmaz-xlej9t3c-mod4-rg/providers/Microsoft.Network/networkInterfaces/cmaz-xlej9t3c-mod4-nic"
            ],
            "os_disk": [
              {
                "caching": "ReadWrite",
                "diff_disk_settings": [],
                "disk_encryption_set_id": "",
                "disk_size_gb": 30,
                "name": "cmaz-xlej9t3c-mod4-vm-osdisk",
                "secure_vm_disk_encryption_set_id": "",
                "security_encryption_type": "",
                "storage_account_type": "Standard_LRS",
                "write_accelerator_enabled": false
              }
            ],
            "os_image_notification": [],
            "patch_assessment_mode": "ImageDefault",
            "patch_mode": "ImageDefault",
            "plan": [],
            "platform_fault_domain": -1,
            "priority": "Regular",
            "private_ip_address": "10.0.1.4",
            "private_ip_addresses": [
              "10.0.1.4"
            ],
            "provision_vm_agent": true,
            "proximity_placement_group_id": "",
            "public_ip_address": "13.82.194.221",
            "public_ip_addresses": [
              "13.82.194.221"
            ],
            "reboot_setting": "",
            "resource_group_name": "cmaz-xlej9t3c-mod4-rg",
            "secret": [],
            "secure_boot_enabled": false,
            "size": "Standard_F2s_v2",
            "source_image_id": "",
            "source_image_reference": [
              {
                "offer": "ubuntu-24_04-lts",
                "publisher": "Canonical",
                "sku": "server",
                "version": "24.04.202409260"
              }
            ],
            "tags": {
              "Creator": "upal_chattopadhyay@epam.com"
            },
            "termination_notification": null,
            "timeouts": null,
            "user_data": "",
            "virtual_machine_id": "1f3d1209-794d-4144-9879-439296cb8102",
            "virtual_machine_scale_set_id": "",
            "vm_agent_platform_updates_enabled": false,
            "vtpm_enabled": false,
            "zone": ""
          },
          "sensitive_attributes": [
            [
              {
                "type": "get_attr",
                "value": "admin_password"
              }
            ],
            [
              {
                "type": "get_attr",
                "value": "custom_data"
              }
            ]
          ],
          "private": "eyJlMmJmYjczMC1lY2FhLTExZTYtOGY4OC0zNDM2M2JjN2M0YzAiOnsiY3JlYXRlIjoyNzAwMDAwMDAwMDAwLCJkZWxldGUiOjI3MDAwMDAwMDAwMDAsInJlYWQiOjMwMDAwMDAwMDAwMCwidXBkYXRlIjoyNzAwMDAwMDAwMDAwfX0=",
          "dependencies": [
            "azurerm_network_interface.nic",
            "azurerm_public_ip.public_ip",
            "azurerm_resource_group.rg",
            "azurerm_subnet.subnet",
            "azurerm_virtual_network.vnet"
          ]
        }
      ]
    },
    {
      "mode": "managed",
      "type": "azurerm_network_interface",
      "name": "nic",
      "provider": "provider[\"registry.terraform.io/hashicorp/azurerm\"]",
      "instances": [
        {
          "schema_version": 0,
          "attributes": {
            "accelerated_networking_enabled": false,
            "applied_dns_servers": [],
            "auxiliary_mode": "",
            "auxiliary_sku": "",
            "dns_servers": [],
            "edge_zone": "",
            "enable_accelerated_networking": false,
            "enable_ip_forwarding": false,
            "id": "/subscriptions/4b294825-13ff-472c-bf8f-85533364ee3e/resourceGroups/cmaz-xlej9t3c-mod4-rg/providers/Microsoft.Network/networkInterfaces/cmaz-xlej9t3c-mod4-nic",
            "internal_dns_name_label": "",
            "internal_domain_name_suffix": "znd1v4je1sbenbp510lhqxevxc.bx.internal.cloudapp.net",
            "ip_configuration": [
              {
                "gateway_load_balancer_frontend_ip_configuration_id": "",
                "name": "internal",
                "primary": true,
                "private_ip_address": "10.0.1.4",
                "private_ip_address_allocation": "Dynamic",
                "private_ip_address_version": "IPv4",
                "public_ip_address_id": "/subscriptions/4b294825-13ff-472c-bf8f-85533364ee3e/resourceGroups/cmaz-xlej9t3c-mod4-rg/providers/Microsoft.Network/publicIPAddresses/cmaz-xlej9t3c-mod4-pip",
                "subnet_id": "/subscriptions/4b294825-13ff-472c-bf8f-85533364ee3e/resourceGroups/cmaz-xlej9t3c-mod4-rg/providers/Microsoft.Network/virtualNetworks/cmaz-xlej9t3c-mod4-vnet/subnets/frontend"
              }
            ],
            "ip_forwarding_enabled": false,
            "location": "eastus",
            "mac_address": "",
            "name": "cmaz-xlej9t3c-mod4-nic",
            "private_ip_address": "10.0.1.4",
            "private_ip_addresses": [
              "10.0.1.4"
            ],
            "resource_group_name": "cmaz-xlej9t3c-mod4-rg",
            "tags": {
              "Creator": "upal_chattopadhyay@epam.com"
            },
            "timeouts": null,
            "virtual_machine_id": ""
          },
          "sensitive_attributes": [],
          "private": "eyJlMmJmYjczMC1lY2FhLTExZTYtOGY4OC0zNDM2M2JjN2M0YzAiOnsiY3JlYXRlIjoxODAwMDAwMDAwMDAwLCJkZWxldGUiOjE4MDAwMDAwMDAwMDAsInJlYWQiOjMwMDAwMDAwMDAwMCwidXBkYXRlIjoxODAwMDAwMDAwMDAwfX0=",
          "dependencies": [
            "azurerm_public_ip.public_ip",
            "azurerm_resource_group.rg",
            "azurerm_subnet.subnet",
            "azurerm_virtual_network.vnet"
          ]
        }
      ]
    },
    {
      "mode": "managed",
      "type": "azurerm_network_interface_security_group_association",
      "name": "nic_security",
      "provider": "provider[\"registry.terraform.io/hashicorp/azurerm\"]",
      "instances": [
        {
          "schema_version": 0,
          "attributes": {
            "id": "/subscriptions/4b294825-13ff-472c-bf8f-85533364ee3e/resourceGroups/cmaz-xlej9t3c-mod4-rg/providers/Microsoft.Network/networkInterfaces/cmaz-xlej9t3c-mod4-nic|/subscriptions/4b294825-13ff-472c-bf8f-85533364ee3e/resourceGroups/cmaz-xlej9t3c-mod4-rg/providers/Microsoft.Network/networkSecurityGroups/cmaz-xlej9t3c-mod4-nsg",
            "network_interface_id": "/subscriptions/4b294825-13ff-472c-bf8f-85533364ee3e/resourceGroups/cmaz-xlej9t3c-mod4-rg/providers/Microsoft.Network/networkInterfaces/cmaz-xlej9t3c-mod4-nic",
            "network_security_group_id": "/subscriptions/4b294825-13ff-472c-bf8f-85533364ee3e/resourceGroups/cmaz-xlej9t3c-mod4-rg/providers/Microsoft.Network/networkSecurityGroups/cmaz-xlej9t3c-mod4-nsg",
            "timeouts": null
          },
          "sensitive_attributes": [],
          "private": "eyJlMmJmYjczMC1lY2FhLTExZTYtOGY4OC0zNDM2M2JjN2M0YzAiOnsiY3JlYXRlIjoxODAwMDAwMDAwMDAwLCJkZWxldGUiOjE4MDAwMDAwMDAwMDAsInJlYWQiOjMwMDAwMDAwMDAwMH19",
          "dependencies": [
            "azurerm_network_interface.nic",
            "azurerm_network_security_group.nsg",
            "azurerm_public_ip.public_ip",
            "azurerm_resource_group.rg",
            "azurerm_subnet.subnet",
            "azurerm_virtual_network.vnet"
          ]
        }
      ]
    },
    {
      "mode": "managed",
      "type": "azurerm_network_security_group",
      "name": "nsg",
      "provider": "provider[\"registry.terraform.io/hashicorp/azurerm\"]",
      "instances": [
        {
          "schema_version": 0,
          "attributes": {
            "id": "/subscriptions/4b294825-13ff-472c-bf8f-85533364ee3e/resourceGroups/cmaz-xlej9t3c-mod4-rg/providers/Microsoft.Network/networkSecurityGroups/cmaz-xlej9t3c-mod4-nsg",
            "location": "eastus",
            "name": "cmaz-xlej9t3c-mod4-nsg",
            "resource_group_name": "cmaz-xlej9t3c-mod4-rg",
            "security_rule": [],
            "tags": {
              "Creator": "upal_chattopadhyay@epam.com"
            },
            "timeouts": null
          },
          "sensitive_attributes": [],
          "private": "eyJlMmJmYjczMC1lY2FhLTExZTYtOGY4OC0zNDM2M2JjN2M0YzAiOnsiY3JlYXRlIjoxODAwMDAwMDAwMDAwLCJkZWxldGUiOjE4MDAwMDAwMDAwMDAsInJlYWQiOjMwMDAwMDAwMDAwMCwidXBkYXRlIjoxODAwMDAwMDAwMDAwfX0=",
          "dependencies": [
            "azurerm_resource_group.rg"
          ]
        }
      ]
    },
    {
      "mode": "managed",
      "type": "azurerm_network_security_rule",
      "name": "http",
      "provider": "provider[\"registry.terraform.io/hashicorp/azurerm\"]",
      "instances": [
        {
          "schema_version": 0,
          "attributes": {
            "access": "Allow",
            "description": "",
            "destination_address_prefix": "*",
            "destination_address_prefixes": null,
            "destination_application_security_group_ids": null,
            "destination_port_range": "80",
            "destination_port_ranges": null,
            "direction": "Inbound",
            "id": "/subscriptions/4b294825-13ff-472c-bf8f-85533364ee3e/resourceGroups/cmaz-xlej9t3c-mod4-rg/providers/Microsoft.Network/networkSecurityGroups/cmaz-xlej9t3c-mod4-nsg/securityRules/AllowHTTP",
            "name": "AllowHTTP",
            "network_security_group_name": "cmaz-xlej9t3c-mod4-nsg",
            "priority": 100,
            "protocol": "Tcp",
            "resource_group_name": "cmaz-xlej9t3c-mod4-rg",
            "source_address_prefix": "*",
            "source_address_prefixes": null,
            "source_application_security_group_ids": null,
            "source_port_range": "*",
            "source_port_ranges": null,
            "timeouts": null
          },
          "sensitive_attributes": [],
          "private": "eyJlMmJmYjczMC1lY2FhLTExZTYtOGY4OC0zNDM2M2JjN2M0YzAiOnsiY3JlYXRlIjoxODAwMDAwMDAwMDAwLCJkZWxldGUiOjE4MDAwMDAwMDAwMDAsInJlYWQiOjMwMDAwMDAwMDAwMCwidXBkYXRlIjoxODAwMDAwMDAwMDAwfX0=",
          "dependencies": [
            "azurerm_network_security_group.nsg",
            "azurerm_resource_group.rg"
          ]
        }
      ]
    },
    {
      "mode": "managed",
      "type": "azurerm_network_security_rule",
      "name": "ssh",
      "provider": "provider[\"registry.terraform.io/hashicorp/azurerm\"]",
      "instances": [
        {
          "schema_version": 0,
          "attributes": {
            "access": "Allow",
            "description": "",
            "destination_address_prefix": "*",
            "destination_address_prefixes": null,
            "destination_application_security_group_ids": null,
            "destination_port_range": "22",
            "destination_port_ranges": null,
            "direction": "Inbound",
            "id": "/subscriptions/4b294825-13ff-472c-bf8f-85533364ee3e/resourceGroups/cmaz-xlej9t3c-mod4-rg/providers/Microsoft.Network/networkSecurityGroups/cmaz-xlej9t3c-mod4-nsg/securityRules/AllowSSH",
            "name": "AllowSSH",
            "network_security_group_name": "cmaz-xlej9t3c-mod4-nsg",
            "priority": 110,
            "protocol": "Tcp",
            "resource_group_name": "cmaz-xlej9t3c-mod4-rg",
            "source_address_prefix": "*",
            "source_address_prefixes": null,
            "source_application_security_group_ids": null,
            "source_port_range": "*",
            "source_port_ranges": null,
            "timeouts": null
          },
          "sensitive_attributes": [],
          "private": "eyJlMmJmYjczMC1lY2FhLTExZTYtOGY4OC0zNDM2M2JjN2M0YzAiOnsiY3JlYXRlIjoxODAwMDAwMDAwMDAwLCJkZWxldGUiOjE4MDAwMDAwMDAwMDAsInJlYWQiOjMwMDAwMDAwMDAwMCwidXBkYXRlIjoxODAwMDAwMDAwMDAwfX0=",
          "dependencies": [
            "azurerm_network_security_group.nsg",
            "azurerm_resource_group.rg"
          ]
        }
      ]
    },
    {
      "mode": "managed",
      "type": "azurerm_public_ip",
      "name": "public_ip",
      "provider": "provider[\"registry.terraform.io/hashicorp/azurerm\"]",
      "instances": [
        {
          "schema_version": 0,
          "attributes": {
            "allocation_method": "Static",
            "ddos_protection_mode": "VirtualNetworkInherited",
            "ddos_protection_plan_id": null,
            "domain_name_label": "cmaz-xlej9t3c-mod4-nginx",
            "edge_zone": "",
            "fqdn": "cmaz-xlej9t3c-mod4-nginx.eastus.cloudapp.azure.com",
            "id": "/subscriptions/4b294825-13ff-472c-bf8f-85533364ee3e/resourceGroups/cmaz-xlej9t3c-mod4-rg/providers/Microsoft.Network/publicIPAddresses/cmaz-xlej9t3c-mod4-pip",
            "idle_timeout_in_minutes": 4,
            "ip_address": "13.82.194.221",
            "ip_tags": null,
            "ip_version": "IPv4",
            "location": "eastus",
            "name": "cmaz-xlej9t3c-mod4-pip",
            "public_ip_prefix_id": null,
            "resource_group_name": "cmaz-xlej9t3c-mod4-rg",
            "reverse_fqdn": "",
            "sku": "Basic",
            "sku_tier": "Regional",
            "tags": {
              "Creator": "upal_chattopadhyay@epam.com"
            },
            "timeouts": null,
            "zones": null
          },
          "sensitive_attributes": [],
          "private": "eyJlMmJmYjczMC1lY2FhLTExZTYtOGY4OC0zNDM2M2JjN2M0YzAiOnsiY3JlYXRlIjoxODAwMDAwMDAwMDAwLCJkZWxldGUiOjE4MDAwMDAwMDAwMDAsInJlYWQiOjMwMDAwMDAwMDAwMCwidXBkYXRlIjoxODAwMDAwMDAwMDAwfX0=",
          "dependencies": [
            "azurerm_resource_group.rg"
          ]
        }
      ]
    },
    {
      "mode": "managed",
      "type": "azurerm_resource_group",
      "name": "rg",
      "provider": "provider[\"registry.terraform.io/hashicorp/azurerm\"]",
      "instances": [
        {
          "schema_version": 0,
          "attributes": {
            "id": "/subscriptions/4b294825-13ff-472c-bf8f-85533364ee3e/resourceGroups/cmaz-xlej9t3c-mod4-rg",
            "location": "eastus",
            "managed_by": "",
            "name": "cmaz-xlej9t3c-mod4-rg",
            "tags": {
              "Creator": "upal_chattopadhyay@epam.com"
            },
            "timeouts": null
          },
          "sensitive_attributes": [],
          "private": "eyJlMmJmYjczMC1lY2FhLTExZTYtOGY4OC0zNDM2M2JjN2M0YzAiOnsiY3JlYXRlIjo1NDAwMDAwMDAwMDAwLCJkZWxldGUiOjU0MDAwMDAwMDAwMDAsInJlYWQiOjMwMDAwMDAwMDAwMCwidXBkYXRlIjo1NDAwMDAwMDAwMDAwfX0="
        }
      ]
    },
    {
      "mode": "managed",
      "type": "azurerm_subnet",
      "name": "subnet",
      "provider": "provider[\"registry.terraform.io/hashicorp/azurerm\"]",
      "instances": [
        {
          "schema_version": 0,
          "attributes": {
            "address_prefixes": [
              "10.0.1.0/24"
            ],
            "default_outbound_access_enabled": true,
            "delegation": [],
            "enforce_private_link_endpoint_network_policies": false,
            "enforce_private_link_service_network_policies": false,
            "id": "/subscriptions/4b294825-13ff-472c-bf8f-85533364ee3e/resourceGroups/cmaz-xlej9t3c-mod4-rg/providers/Microsoft.Network/virtualNetworks/cmaz-xlej9t3c-mod4-vnet/subnets/frontend",
            "name": "frontend",
            "private_endpoint_network_policies": "Enabled",
            "private_endpoint_network_policies_enabled": true,
            "private_link_service_network_policies_enabled": true,
            "resource_group_name": "cmaz-xlej9t3c-mod4-rg",
            "service_endpoint_policy_ids": null,
            "service_endpoints": null,
            "timeouts": null,
            "virtual_network_name": "cmaz-xlej9t3c-mod4-vnet"
          },
          "sensitive_attributes": [],
          "private": "eyJlMmJmYjczMC1lY2FhLTExZTYtOGY4OC0zNDM2M2JjN2M0YzAiOnsiY3JlYXRlIjoxODAwMDAwMDAwMDAwLCJkZWxldGUiOjE4MDAwMDAwMDAwMDAsInJlYWQiOjMwMDAwMDAwMDAwMCwidXBkYXRlIjoxODAwMDAwMDAwMDAwfX0=",
          "dependencies": [
            "azurerm_resource_group.rg",
            "azurerm_virtual_network.vnet"
          ]
        }
      ]
    },
    {
      "mode": "managed",
      "type": "azurerm_virtual_network",
      "name": "vnet",
      "provider": "provider[\"registry.terraform.io/hashicorp/azurerm\"]",
      "instances": [
        {
          "schema_version": 0,
          "attributes": {
            "address_space": [
              "10.0.0.0/16"
            ],
            "bgp_community": "",
            "ddos_protection_plan": [],
            "dns_servers": [],
            "edge_zone": "",
            "encryption": [],
            "flow_timeout_in_minutes": 0,
            "guid": "f9ba47cb-dc24-4682-85ff-de96785c95ba",
            "id": "/subscriptions/4b294825-13ff-472c-bf8f-85533364ee3e/resourceGroups/cmaz-xlej9t3c-mod4-rg/providers/Microsoft.Network/virtualNetworks/cmaz-xlej9t3c-mod4-vnet",
            "location": "eastus",
            "name": "cmaz-xlej9t3c-mod4-vnet",
            "resource_group_name": "cmaz-xlej9t3c-mod4-rg",
            "subnet": [],
            "tags": {
              "Creator": "upal_chattopadhyay@epam.com"
            },
            "timeouts": null
          },
          "sensitive_attributes": [],
          "private": "eyJlMmJmYjczMC1lY2FhLTExZTYtOGY4OC0zNDM2M2JjN2M0YzAiOnsiY3JlYXRlIjoxODAwMDAwMDAwMDAwLCJkZWxldGUiOjE4MDAwMDAwMDAwMDAsInJlYWQiOjMwMDAwMDAwMDAwMCwidXBkYXRlIjoxODAwMDAwMDAwMDAwfX0=",
          "dependencies": [
            "azurerm_resource_group.rg"
          ]
        }
      ]
    }
  ],
  "check_results": null
}
